
Microsoft Visual Studio Solution File, Format Version 12.00
# Visual Studio Version 17
VisualStudioVersion = 17.7.34221.43
MinimumVisualStudioVersion = 10.0.40219.1
Project("{8BC9CEB8-8B4A-11D0-8D11-00A0C91BC942}") = "Read", "Read\Read.vcxproj", "{99878AE0-2F12-40B7-AEAC-21985A948698}"
EndProject
Global
	GlobalSection(SolutionConfigurationPlatforms) = preSolution
		Debug|x64 = Debug|x64
		Debug|x86 = Debug|x86
		Release|x64 = Release|x64
		Release|x86 = Release|x86
	EndGlobalSection
	GlobalSection(ProjectConfigurationPlatforms) = postSolution
		{99878AE0-2F12-40B7-AEAC-21985A948698}.Debug|x64.ActiveCfg = Debug|x64
		{99878AE0-2F12-40B7-AEAC-21985A948698}.Debug|x64.Build.0 = Debug|x64
		{99878AE0-2F12-40B7-AEAC-21985A948698}.Debug|x86.ActiveCfg = Debug|Win32
		{99878AE0-2F12-40B7-AEAC-21985A948698}.Debug|x86.Build.0 = Debug|Win32
		{99878AE0-2F12-40B7-AEAC-21985A948698}.Release|x64.ActiveCfg = Release|x64
		{99878AE0-2F12-40B7-AEAC-21985A948698}.Release|x64.Build.0 = Release|x64
		{99878AE0-2F12-40B7-AEAC-21985A948698}.Release|x86.ActiveCfg = Release|Win32
		{99878AE0-2F12-40B7-AEAC-21985A948698}.Release|x86.Build.0 = Release|Win32
	EndGlobalSection
	GlobalSection(SolutionProperties) = preSolution
		HideSolutionNode = FALSE
	EndGlobalSection
	GlobalSection(ExtensibilityGlobals) = postSolution
		SolutionGuid = {FDF1E64D-3BAD-4B0B-8A4D-46B0F3D12E6C}
	EndGlobalSection
EndGlobal
